// !$*UTF8*$!
{
	archiveVersion = 1;
	classes = {
	};
	objectVersion = 46;
	objects = {

/* Begin PBXBuildFile section */
		4302BC521DB85EF000994DF7 /* DatabaseModel.swift in Sources */ = {isa = PBXBuildFile; fileRef = 4302BC511DB85EF000994DF7 /* DatabaseModel.swift */; };
		4302BC531DB85EF000994DF7 /* DatabaseModel.swift in Sources */ = {isa = PBXBuildFile; fileRef = 4302BC511DB85EF000994DF7 /* DatabaseModel.swift */; };
		430341E21DB9C2D300688800 /* Date.swift in Sources */ = {isa = PBXBuildFile; fileRef = 430341E11DB9C2D300688800 /* Date.swift */; };
		430341E71DBB1FB900688800 /* BackupCollectionViewController.swift in Sources */ = {isa = PBXBuildFile; fileRef = 430341E61DBB1FB900688800 /* BackupCollectionViewController.swift */; };
		4303420F1DBC40A400688800 /* BackupCollectionViewCell.swift in Sources */ = {isa = PBXBuildFile; fileRef = 4303420E1DBC40A400688800 /* BackupCollectionViewCell.swift */; };
		430483871DBF209B00FB9100 /* Operation.swift in Sources */ = {isa = PBXBuildFile; fileRef = 430483861DBF209B00FB9100 /* Operation.swift */; };
		4304838C1DBF7F1800FB9100 /* OperationStep.swift in Sources */ = {isa = PBXBuildFile; fileRef = 4304838B1DBF7F1800FB9100 /* OperationStep.swift */; };
		4304838D1DBF7F1800FB9100 /* OperationStep.swift in Sources */ = {isa = PBXBuildFile; fileRef = 4304838B1DBF7F1800FB9100 /* OperationStep.swift */; };
		430483901DC056E700FB9100 /* UIViewExtensions.swift in Sources */ = {isa = PBXBuildFile; fileRef = 4304838F1DC056E700FB9100 /* UIViewExtensions.swift */; };
		430483911DC056E700FB9100 /* UIViewExtensions.swift in Sources */ = {isa = PBXBuildFile; fileRef = 4304838F1DC056E700FB9100 /* UIViewExtensions.swift */; };
		4330BF511DBCA715004911A8 /* Backup.swift in Sources */ = {isa = PBXBuildFile; fileRef = 4330BF501DBCA715004911A8 /* Backup.swift */; };
		436B23021DCBCB30001F7ADC /* OpearationStepsViewController.swift in Sources */ = {isa = PBXBuildFile; fileRef = 436B23011DCBCB30001F7ADC /* OpearationStepsViewController.swift */; };
		436B23041DCBCEFE001F7ADC /* StepTableViewCell.swift in Sources */ = {isa = PBXBuildFile; fileRef = 436B23031DCBCEFE001F7ADC /* StepTableViewCell.swift */; };
		436B23061DCBCFF4001F7ADC /* TreeViewNode.swift in Sources */ = {isa = PBXBuildFile; fileRef = 436B23051DCBCFF4001F7ADC /* TreeViewNode.swift */; };
		436B23081DCBD039001F7ADC /* TreeViewData.swift in Sources */ = {isa = PBXBuildFile; fileRef = 436B23071DCBD039001F7ADC /* TreeViewData.swift */; };
		436B230A1DCBD079001F7ADC /* GlobalVariables.swift in Sources */ = {isa = PBXBuildFile; fileRef = 436B23091DCBD079001F7ADC /* GlobalVariables.swift */; };
		436B230C1DCBD229001F7ADC /* TreeViewLists.swift in Sources */ = {isa = PBXBuildFile; fileRef = 436B230B1DCBD229001F7ADC /* TreeViewLists.swift */; };
		436B230E1DCC2A61001F7ADC /* LogsViewViewController.swift in Sources */ = {isa = PBXBuildFile; fileRef = 436B230D1DCC2A61001F7ADC /* LogsViewViewController.swift */; };
		4386965A1DC0EABE00C49F06 /* BackupPopupViewController.swift in Sources */ = {isa = PBXBuildFile; fileRef = 438696591DC0EABE00C49F06 /* BackupPopupViewController.swift */; };
		4386965C1DC1260200C49F06 /* BackupProgressViewController.swift in Sources */ = {isa = PBXBuildFile; fileRef = 4386965B1DC1260200C49F06 /* BackupProgressViewController.swift */; };
		4386965E1DC26F7800C49F06 /* OperationCollectionViewCell.swift in Sources */ = {isa = PBXBuildFile; fileRef = 4386965D1DC26F7800C49F06 /* OperationCollectionViewCell.swift */; };
		438696611DC4447100C49F06 /* LoginViewController.swift in Sources */ = {isa = PBXBuildFile; fileRef = 438696601DC4447100C49F06 /* LoginViewController.swift */; };
		43B92E471DC574B600659764 /* UIViewController+Background.swift in Sources */ = {isa = PBXBuildFile; fileRef = 43B92E461DC574B600659764 /* UIViewController+Background.swift */; };
		43B92E481DC574B600659764 /* UIViewController+Background.swift in Sources */ = {isa = PBXBuildFile; fileRef = 43B92E461DC574B600659764 /* UIViewController+Background.swift */; };
		43C1563C1DBEEDF7002B9870 /* RestoreProgressCollectionViewController.swift in Sources */ = {isa = PBXBuildFile; fileRef = 43C1563B1DBEEDF7002B9870 /* RestoreProgressCollectionViewController.swift */; };
		43C1563E1DBEEE39002B9870 /* RestoreProgressCollectionViewCell.swift in Sources */ = {isa = PBXBuildFile; fileRef = 43C1563D1DBEEE39002B9870 /* RestoreProgressCollectionViewCell.swift */; };
		43F8F3DA1DC689E8001D80A7 /* UICollectionViewController+Background.swift in Sources */ = {isa = PBXBuildFile; fileRef = 43F8F3D91DC689E8001D80A7 /* UICollectionViewController+Background.swift */; };
		43F8F3DB1DC689E8001D80A7 /* UICollectionViewController+Background.swift in Sources */ = {isa = PBXBuildFile; fileRef = 43F8F3D91DC689E8001D80A7 /* UICollectionViewController+Background.swift */; };
		43F8F3DD1DC68A01001D80A7 /* CommonUtil.swift in Sources */ = {isa = PBXBuildFile; fileRef = 43F8F3DC1DC68A01001D80A7 /* CommonUtil.swift */; };
		43F8F3DE1DC68A01001D80A7 /* CommonUtil.swift in Sources */ = {isa = PBXBuildFile; fileRef = 43F8F3DC1DC68A01001D80A7 /* CommonUtil.swift */; };
		43FCE4551DB13D9D00130EB1 /* AppDelegate.swift in Sources */ = {isa = PBXBuildFile; fileRef = 43FCE4541DB13D9D00130EB1 /* AppDelegate.swift */; };
		43FCE4571DB13D9D00130EB1 /* MasterViewController.swift in Sources */ = {isa = PBXBuildFile; fileRef = 43FCE4561DB13D9D00130EB1 /* MasterViewController.swift */; };
		43FCE4591DB13D9D00130EB1 /* DataMgmtViewController.swift in Sources */ = {isa = PBXBuildFile; fileRef = 43FCE4581DB13D9D00130EB1 /* DataMgmtViewController.swift */; };
		43FCE45C1DB13D9D00130EB1 /* Main.storyboard in Resources */ = {isa = PBXBuildFile; fileRef = 43FCE45A1DB13D9D00130EB1 /* Main.storyboard */; };
		43FCE45E1DB13D9D00130EB1 /* Assets.xcassets in Resources */ = {isa = PBXBuildFile; fileRef = 43FCE45D1DB13D9D00130EB1 /* Assets.xcassets */; };
		43FCE4611DB13D9D00130EB1 /* LaunchScreen.storyboard in Resources */ = {isa = PBXBuildFile; fileRef = 43FCE45F1DB13D9D00130EB1 /* LaunchScreen.storyboard */; };
		43FCE46C1DB13D9D00130EB1 /* DataMgmtServiceTests.swift in Sources */ = {isa = PBXBuildFile; fileRef = 43FCE46B1DB13D9D00130EB1 /* DataMgmtServiceTests.swift */; };
		43FCE4771DB147DC00130EB1 /* DatabaseTableViewCell.swift in Sources */ = {isa = PBXBuildFile; fileRef = 43FCE4761DB147DC00130EB1 /* DatabaseTableViewCell.swift */; };
		43FCE4791DB1695200130EB1 /* Database.swift in Sources */ = {isa = PBXBuildFile; fileRef = 43FCE4781DB1695200130EB1 /* Database.swift */; };
		43FCE47A1DB1695200130EB1 /* Database.swift in Sources */ = {isa = PBXBuildFile; fileRef = 43FCE4781DB1695200130EB1 /* Database.swift */; };
		43FCE47C1DB1DA8700130EB1 /* DbSummaryViewController.swift in Sources */ = {isa = PBXBuildFile; fileRef = 43FCE47B1DB1DA8700130EB1 /* DbSummaryViewController.swift */; };
		43FE2BD81DC83498008E1BAD /* Datasource.swift in Sources */ = {isa = PBXBuildFile; fileRef = 43FE2BD71DC83498008E1BAD /* Datasource.swift */; };
		43FE2BD91DC83498008E1BAD /* Datasource.swift in Sources */ = {isa = PBXBuildFile; fileRef = 43FE2BD71DC83498008E1BAD /* Datasource.swift */; };
		43FE2BDB1DC84702008E1BAD /* DatasourceCollectionViewCell.swift in Sources */ = {isa = PBXBuildFile; fileRef = 43FE2BDA1DC84702008E1BAD /* DatasourceCollectionViewCell.swift */; };
		43FE2BDD1DC8E1FE008E1BAD /* DatasourceBackupCollectionViewCell.swift in Sources */ = {isa = PBXBuildFile; fileRef = 43FE2BDC1DC8E1FE008E1BAD /* DatasourceBackupCollectionViewCell.swift */; };
/* End PBXBuildFile section */

/* Begin PBXContainerItemProxy section */
		43FCE4681DB13D9D00130EB1 /* PBXContainerItemProxy */ = {
			isa = PBXContainerItemProxy;
			containerPortal = 43FCE4491DB13D9D00130EB1 /* Project object */;
			proxyType = 1;
			remoteGlobalIDString = 43FCE4501DB13D9D00130EB1;
			remoteInfo = DataMgmtService;
		};
/* End PBXContainerItemProxy section */

/* Begin PBXFileReference section */
		4302BC511DB85EF000994DF7 /* DatabaseModel.swift */ = {isa = PBXFileReference; fileEncoding = 4; lastKnownFileType = sourcecode.swift; path = DatabaseModel.swift; sourceTree = "<group>"; };
		430341E11DB9C2D300688800 /* Date.swift */ = {isa = PBXFileReference; fileEncoding = 4; lastKnownFileType = sourcecode.swift; path = Date.swift; sourceTree = "<group>"; };
		430341E61DBB1FB900688800 /* BackupCollectionViewController.swift */ = {isa = PBXFileReference; fileEncoding = 4; lastKnownFileType = sourcecode.swift; path = BackupCollectionViewController.swift; sourceTree = "<group>"; };
		4303420E1DBC40A400688800 /* BackupCollectionViewCell.swift */ = {isa = PBXFileReference; fileEncoding = 4; lastKnownFileType = sourcecode.swift; path = BackupCollectionViewCell.swift; sourceTree = "<group>"; };
		430483861DBF209B00FB9100 /* Operation.swift */ = {isa = PBXFileReference; fileEncoding = 4; lastKnownFileType = sourcecode.swift; path = Operation.swift; sourceTree = "<group>"; };
		4304838B1DBF7F1800FB9100 /* OperationStep.swift */ = {isa = PBXFileReference; fileEncoding = 4; lastKnownFileType = sourcecode.swift; path = OperationStep.swift; sourceTree = "<group>"; };
		4304838F1DC056E700FB9100 /* UIViewExtensions.swift */ = {isa = PBXFileReference; fileEncoding = 4; lastKnownFileType = sourcecode.swift; path = UIViewExtensions.swift; sourceTree = "<group>"; };
		4330BF501DBCA715004911A8 /* Backup.swift */ = {isa = PBXFileReference; fileEncoding = 4; lastKnownFileType = sourcecode.swift; path = Backup.swift; sourceTree = "<group>"; };
		436B23011DCBCB30001F7ADC /* OpearationStepsViewController.swift */ = {isa = PBXFileReference; fileEncoding = 4; lastKnownFileType = sourcecode.swift; path = OpearationStepsViewController.swift; sourceTree = "<group>"; };
		436B23031DCBCEFE001F7ADC /* StepTableViewCell.swift */ = {isa = PBXFileReference; fileEncoding = 4; lastKnownFileType = sourcecode.swift; path = StepTableViewCell.swift; sourceTree = "<group>"; };
		436B23051DCBCFF4001F7ADC /* TreeViewNode.swift */ = {isa = PBXFileReference; fileEncoding = 4; lastKnownFileType = sourcecode.swift; path = TreeViewNode.swift; sourceTree = "<group>"; };
		436B23071DCBD039001F7ADC /* TreeViewData.swift */ = {isa = PBXFileReference; fileEncoding = 4; lastKnownFileType = sourcecode.swift; path = TreeViewData.swift; sourceTree = "<group>"; };
		436B23091DCBD079001F7ADC /* GlobalVariables.swift */ = {isa = PBXFileReference; fileEncoding = 4; lastKnownFileType = sourcecode.swift; path = GlobalVariables.swift; sourceTree = "<group>"; };
		436B230B1DCBD229001F7ADC /* TreeViewLists.swift */ = {isa = PBXFileReference; fileEncoding = 4; lastKnownFileType = sourcecode.swift; path = TreeViewLists.swift; sourceTree = "<group>"; };
		436B230D1DCC2A61001F7ADC /* LogsViewViewController.swift */ = {isa = PBXFileReference; fileEncoding = 4; lastKnownFileType = sourcecode.swift; path = LogsViewViewController.swift; sourceTree = "<group>"; };
		438696591DC0EABE00C49F06 /* BackupPopupViewController.swift */ = {isa = PBXFileReference; fileEncoding = 4; lastKnownFileType = sourcecode.swift; path = BackupPopupViewController.swift; sourceTree = "<group>"; };
		4386965B1DC1260200C49F06 /* BackupProgressViewController.swift */ = {isa = PBXFileReference; fileEncoding = 4; lastKnownFileType = sourcecode.swift; path = BackupProgressViewController.swift; sourceTree = "<group>"; };
		4386965D1DC26F7800C49F06 /* OperationCollectionViewCell.swift */ = {isa = PBXFileReference; fileEncoding = 4; lastKnownFileType = sourcecode.swift; path = OperationCollectionViewCell.swift; sourceTree = "<group>"; };
		438696601DC4447100C49F06 /* LoginViewController.swift */ = {isa = PBXFileReference; fileEncoding = 4; lastKnownFileType = sourcecode.swift; path = LoginViewController.swift; sourceTree = "<group>"; };
		43B92E461DC574B600659764 /* UIViewController+Background.swift */ = {isa = PBXFileReference; fileEncoding = 4; lastKnownFileType = sourcecode.swift; path = "UIViewController+Background.swift"; sourceTree = "<group>"; };
		43C1563B1DBEEDF7002B9870 /* RestoreProgressCollectionViewController.swift */ = {isa = PBXFileReference; fileEncoding = 4; lastKnownFileType = sourcecode.swift; path = RestoreProgressCollectionViewController.swift; sourceTree = "<group>"; };
		43C1563D1DBEEE39002B9870 /* RestoreProgressCollectionViewCell.swift */ = {isa = PBXFileReference; fileEncoding = 4; lastKnownFileType = sourcecode.swift; path = RestoreProgressCollectionViewCell.swift; sourceTree = "<group>"; };
		43F8F3D91DC689E8001D80A7 /* UICollectionViewController+Background.swift */ = {isa = PBXFileReference; fileEncoding = 4; lastKnownFileType = sourcecode.swift; path = "UICollectionViewController+Background.swift"; sourceTree = "<group>"; };
		43F8F3DC1DC68A01001D80A7 /* CommonUtil.swift */ = {isa = PBXFileReference; fileEncoding = 4; lastKnownFileType = sourcecode.swift; path = CommonUtil.swift; sourceTree = "<group>"; };
		43FCE4511DB13D9D00130EB1 /* DataMgmtService.app */ = {isa = PBXFileReference; explicitFileType = wrapper.application; includeInIndex = 0; path = DataMgmtService.app; sourceTree = BUILT_PRODUCTS_DIR; };
		43FCE4541DB13D9D00130EB1 /* AppDelegate.swift */ = {isa = PBXFileReference; lastKnownFileType = sourcecode.swift; path = AppDelegate.swift; sourceTree = "<group>"; };
		43FCE4561DB13D9D00130EB1 /* MasterViewController.swift */ = {isa = PBXFileReference; lastKnownFileType = sourcecode.swift; path = MasterViewController.swift; sourceTree = "<group>"; };
		43FCE4581DB13D9D00130EB1 /* DataMgmtViewController.swift */ = {isa = PBXFileReference; lastKnownFileType = sourcecode.swift; path = DataMgmtViewController.swift; sourceTree = "<group>"; };
		43FCE45B1DB13D9D00130EB1 /* Base */ = {isa = PBXFileReference; lastKnownFileType = file.storyboard; name = Base; path = Base.lproj/Main.storyboard; sourceTree = "<group>"; };
		43FCE45D1DB13D9D00130EB1 /* Assets.xcassets */ = {isa = PBXFileReference; lastKnownFileType = folder.assetcatalog; path = Assets.xcassets; sourceTree = "<group>"; };
		43FCE4601DB13D9D00130EB1 /* Base */ = {isa = PBXFileReference; lastKnownFileType = file.storyboard; name = Base; path = Base.lproj/LaunchScreen.storyboard; sourceTree = "<group>"; };
		43FCE4621DB13D9D00130EB1 /* Info.plist */ = {isa = PBXFileReference; lastKnownFileType = text.plist.xml; path = Info.plist; sourceTree = "<group>"; };
		43FCE4671DB13D9D00130EB1 /* DataMgmtServiceTests.xctest */ = {isa = PBXFileReference; explicitFileType = wrapper.cfbundle; includeInIndex = 0; path = DataMgmtServiceTests.xctest; sourceTree = BUILT_PRODUCTS_DIR; };
		43FCE46B1DB13D9D00130EB1 /* DataMgmtServiceTests.swift */ = {isa = PBXFileReference; lastKnownFileType = sourcecode.swift; path = DataMgmtServiceTests.swift; sourceTree = "<group>"; };
		43FCE46D1DB13D9D00130EB1 /* Info.plist */ = {isa = PBXFileReference; lastKnownFileType = text.plist.xml; path = Info.plist; sourceTree = "<group>"; };
		43FCE4761DB147DC00130EB1 /* DatabaseTableViewCell.swift */ = {isa = PBXFileReference; fileEncoding = 4; lastKnownFileType = sourcecode.swift; path = DatabaseTableViewCell.swift; sourceTree = "<group>"; };
		43FCE4781DB1695200130EB1 /* Database.swift */ = {isa = PBXFileReference; fileEncoding = 4; lastKnownFileType = sourcecode.swift; path = Database.swift; sourceTree = "<group>"; };
		43FCE47B1DB1DA8700130EB1 /* DbSummaryViewController.swift */ = {isa = PBXFileReference; fileEncoding = 4; lastKnownFileType = sourcecode.swift; path = DbSummaryViewController.swift; sourceTree = "<group>"; };
		43FE2BD71DC83498008E1BAD /* Datasource.swift */ = {isa = PBXFileReference; fileEncoding = 4; lastKnownFileType = sourcecode.swift; path = Datasource.swift; sourceTree = "<group>"; };
		43FE2BDA1DC84702008E1BAD /* DatasourceCollectionViewCell.swift */ = {isa = PBXFileReference; fileEncoding = 4; lastKnownFileType = sourcecode.swift; path = DatasourceCollectionViewCell.swift; sourceTree = "<group>"; };
		43FE2BDC1DC8E1FE008E1BAD /* DatasourceBackupCollectionViewCell.swift */ = {isa = PBXFileReference; fileEncoding = 4; lastKnownFileType = sourcecode.swift; path = DatasourceBackupCollectionViewCell.swift; sourceTree = "<group>"; };
/* End PBXFileReference section */

/* Begin PBXFrameworksBuildPhase section */
		43FCE44E1DB13D9D00130EB1 /* Frameworks */ = {
			isa = PBXFrameworksBuildPhase;
			buildActionMask = 2147483647;
			files = (
			);
			runOnlyForDeploymentPostprocessing = 0;
		};
		43FCE4641DB13D9D00130EB1 /* Frameworks */ = {
			isa = PBXFrameworksBuildPhase;
			buildActionMask = 2147483647;
			files = (
			);
			runOnlyForDeploymentPostprocessing = 0;
		};
/* End PBXFrameworksBuildPhase section */

/* Begin PBXGroup section */
		430341E01DB9C2C100688800 /* common */ = {
			isa = PBXGroup;
			children = (
				430341E11DB9C2D300688800 /* Date.swift */,
				436B23091DCBD079001F7ADC /* GlobalVariables.swift */,
			);
			name = common;
			sourceTree = "<group>";
		};
		430341E31DBB1EF300688800 /* backup */ = {
			isa = PBXGroup;
			children = (
				430341E61DBB1FB900688800 /* BackupCollectionViewController.swift */,
				4303420E1DBC40A400688800 /* BackupCollectionViewCell.swift */,
				4330BF501DBCA715004911A8 /* Backup.swift */,
				438696591DC0EABE00C49F06 /* BackupPopupViewController.swift */,
				4386965B1DC1260200C49F06 /* BackupProgressViewController.swift */,
			);
			name = backup;
			sourceTree = "<group>";
		};
		4304838E1DC056C100FB9100 /* extensions */ = {
			isa = PBXGroup;
			children = (
				4304838F1DC056E700FB9100 /* UIViewExtensions.swift */,
				43B92E461DC574B600659764 /* UIViewController+Background.swift */,
				43F8F3D91DC689E8001D80A7 /* UICollectionViewController+Background.swift */,
				43F8F3DC1DC68A01001D80A7 /* CommonUtil.swift */,
			);
			name = extensions;
			sourceTree = "<group>";
		};
		436B23001DCBCAE5001F7ADC /* operation */ = {
			isa = PBXGroup;
			children = (
				436B23011DCBCB30001F7ADC /* OpearationStepsViewController.swift */,
				436B23031DCBCEFE001F7ADC /* StepTableViewCell.swift */,
				436B23051DCBCFF4001F7ADC /* TreeViewNode.swift */,
				436B23071DCBD039001F7ADC /* TreeViewData.swift */,
				436B230B1DCBD229001F7ADC /* TreeViewLists.swift */,
				436B230D1DCC2A61001F7ADC /* LogsViewViewController.swift */,
			);
			name = operation;
			sourceTree = "<group>";
		};
		4386965F1DC4445200C49F06 /* login */ = {
			isa = PBXGroup;
			children = (
				438696601DC4447100C49F06 /* LoginViewController.swift */,
			);
			name = login;
			sourceTree = "<group>";
		};
		43C1563A1DBEEDA0002B9870 /* dataManagement */ = {
			isa = PBXGroup;
			children = (
				43C1563B1DBEEDF7002B9870 /* RestoreProgressCollectionViewController.swift */,
				43C1563D1DBEEE39002B9870 /* RestoreProgressCollectionViewCell.swift */,
				430483861DBF209B00FB9100 /* Operation.swift */,
				4304838B1DBF7F1800FB9100 /* OperationStep.swift */,
				4386965D1DC26F7800C49F06 /* OperationCollectionViewCell.swift */,
			);
			name = dataManagement;
			sourceTree = "<group>";
		};
		43FCE4481DB13D9D00130EB1 = {
			isa = PBXGroup;
			children = (
				43FCE4531DB13D9D00130EB1 /* DataMgmtService */,
				43FCE46A1DB13D9D00130EB1 /* DataMgmtServiceTests */,
				43FCE4521DB13D9D00130EB1 /* Products */,
			);
			sourceTree = "<group>";
		};
		43FCE4521DB13D9D00130EB1 /* Products */ = {
			isa = PBXGroup;
			children = (
				43FCE4511DB13D9D00130EB1 /* DataMgmtService.app */,
				43FCE4671DB13D9D00130EB1 /* DataMgmtServiceTests.xctest */,
			);
			name = Products;
			sourceTree = "<group>";
		};
		43FCE4531DB13D9D00130EB1 /* DataMgmtService */ = {
			isa = PBXGroup;
			children = (
				436B23001DCBCAE5001F7ADC /* operation */,
				43FE2BD61DC83424008E1BAD /* datasource */,
				4386965F1DC4445200C49F06 /* login */,
				4304838E1DC056C100FB9100 /* extensions */,
				43C1563A1DBEEDA0002B9870 /* dataManagement */,
				430341E31DBB1EF300688800 /* backup */,
				430341E01DB9C2C100688800 /* common */,
				43FCE4541DB13D9D00130EB1 /* AppDelegate.swift */,
				43FCE4561DB13D9D00130EB1 /* MasterViewController.swift */,
				43FCE4781DB1695200130EB1 /* Database.swift */,
				43FCE4581DB13D9D00130EB1 /* DataMgmtViewController.swift */,
				43FCE45A1DB13D9D00130EB1 /* Main.storyboard */,
				43FCE4761DB147DC00130EB1 /* DatabaseTableViewCell.swift */,
				43FCE45D1DB13D9D00130EB1 /* Assets.xcassets */,
				43FCE45F1DB13D9D00130EB1 /* LaunchScreen.storyboard */,
				43FCE4621DB13D9D00130EB1 /* Info.plist */,
				43FCE47B1DB1DA8700130EB1 /* DbSummaryViewController.swift */,
				4302BC511DB85EF000994DF7 /* DatabaseModel.swift */,
			);
			path = DataMgmtService;
			sourceTree = "<group>";
		};
		43FCE46A1DB13D9D00130EB1 /* DataMgmtServiceTests */ = {
			isa = PBXGroup;
			children = (
				43FCE46B1DB13D9D00130EB1 /* DataMgmtServiceTests.swift */,
				43FCE46D1DB13D9D00130EB1 /* Info.plist */,
			);
			path = DataMgmtServiceTests;
			sourceTree = "<group>";
		};
		43FE2BD61DC83424008E1BAD /* datasource */ = {
			isa = PBXGroup;
			children = (
				43FE2BD71DC83498008E1BAD /* Datasource.swift */,
				43FE2BDA1DC84702008E1BAD /* DatasourceCollectionViewCell.swift */,
				43FE2BDC1DC8E1FE008E1BAD /* DatasourceBackupCollectionViewCell.swift */,
			);
			name = datasource;
			sourceTree = "<group>";
		};
/* End PBXGroup section */

/* Begin PBXNativeTarget section */
		43FCE4501DB13D9D00130EB1 /* DataMgmtService */ = {
			isa = PBXNativeTarget;
			buildConfigurationList = 43FCE4701DB13D9D00130EB1 /* Build configuration list for PBXNativeTarget "DataMgmtService" */;
			buildPhases = (
				43FCE44D1DB13D9D00130EB1 /* Sources */,
				43FCE44E1DB13D9D00130EB1 /* Frameworks */,
				43FCE44F1DB13D9D00130EB1 /* Resources */,
			);
			buildRules = (
			);
			dependencies = (
			);
			name = DataMgmtService;
			productName = DataMgmtService;
			productReference = 43FCE4511DB13D9D00130EB1 /* DataMgmtService.app */;
			productType = "com.apple.product-type.application";
		};
		43FCE4661DB13D9D00130EB1 /* DataMgmtServiceTests */ = {
			isa = PBXNativeTarget;
			buildConfigurationList = 43FCE4731DB13D9D00130EB1 /* Build configuration list for PBXNativeTarget "DataMgmtServiceTests" */;
			buildPhases = (
				43FCE4631DB13D9D00130EB1 /* Sources */,
				43FCE4641DB13D9D00130EB1 /* Frameworks */,
				43FCE4651DB13D9D00130EB1 /* Resources */,
			);
			buildRules = (
			);
			dependencies = (
				43FCE4691DB13D9D00130EB1 /* PBXTargetDependency */,
			);
			name = DataMgmtServiceTests;
			productName = DataMgmtServiceTests;
			productReference = 43FCE4671DB13D9D00130EB1 /* DataMgmtServiceTests.xctest */;
			productType = "com.apple.product-type.bundle.unit-test";
		};
/* End PBXNativeTarget section */

/* Begin PBXProject section */
		43FCE4491DB13D9D00130EB1 /* Project object */ = {
			isa = PBXProject;
			attributes = {
				LastSwiftUpdateCheck = 0800;
				LastUpgradeCheck = 0800;
				ORGANIZATIONNAME = nftx.com;
				TargetAttributes = {
					43FCE4501DB13D9D00130EB1 = {
						CreatedOnToolsVersion = 8.0;
						ProvisioningStyle = Automatic;
					};
					43FCE4661DB13D9D00130EB1 = {
						CreatedOnToolsVersion = 8.0;
						ProvisioningStyle = Automatic;
						TestTargetID = 43FCE4501DB13D9D00130EB1;
					};
				};
			};
			buildConfigurationList = 43FCE44C1DB13D9D00130EB1 /* Build configuration list for PBXProject "DataMgmtService" */;
			compatibilityVersion = "Xcode 3.2";
			developmentRegion = English;
			hasScannedForEncodings = 0;
			knownRegions = (
				en,
				Base,
			);
			mainGroup = 43FCE4481DB13D9D00130EB1;
			productRefGroup = 43FCE4521DB13D9D00130EB1 /* Products */;
			projectDirPath = "";
			projectRoot = "";
			targets = (
				43FCE4501DB13D9D00130EB1 /* DataMgmtService */,
				43FCE4661DB13D9D00130EB1 /* DataMgmtServiceTests */,
			);
		};
/* End PBXProject section */

/* Begin PBXResourcesBuildPhase section */
		43FCE44F1DB13D9D00130EB1 /* Resources */ = {
			isa = PBXResourcesBuildPhase;
			buildActionMask = 2147483647;
			files = (
				43FCE4611DB13D9D00130EB1 /* LaunchScreen.storyboard in Resources */,
				43FCE45E1DB13D9D00130EB1 /* Assets.xcassets in Resources */,
				43FCE45C1DB13D9D00130EB1 /* Main.storyboard in Resources */,
			);
			runOnlyForDeploymentPostprocessing = 0;
		};
		43FCE4651DB13D9D00130EB1 /* Resources */ = {
			isa = PBXResourcesBuildPhase;
			buildActionMask = 2147483647;
			files = (
			);
			runOnlyForDeploymentPostprocessing = 0;
		};
/* End PBXResourcesBuildPhase section */

/* Begin PBXSourcesBuildPhase section */
		43FCE44D1DB13D9D00130EB1 /* Sources */ = {
			isa = PBXSourcesBuildPhase;
			buildActionMask = 2147483647;
			files = (
				43C1563C1DBEEDF7002B9870 /* RestoreProgressCollectionViewController.swift in Sources */,
				436B23021DCBCB30001F7ADC /* OpearationStepsViewController.swift in Sources */,
				4386965E1DC26F7800C49F06 /* OperationCollectionViewCell.swift in Sources */,
				4304838C1DBF7F1800FB9100 /* OperationStep.swift in Sources */,
				430483871DBF209B00FB9100 /* Operation.swift in Sources */,
				436B230A1DCBD079001F7ADC /* GlobalVariables.swift in Sources */,
				436B23061DCBCFF4001F7ADC /* TreeViewNode.swift in Sources */,
				43FCE4591DB13D9D00130EB1 /* DataMgmtViewController.swift in Sources */,
				436B230C1DCBD229001F7ADC /* TreeViewLists.swift in Sources */,
				43C1563E1DBEEE39002B9870 /* RestoreProgressCollectionViewCell.swift in Sources */,
				43FE2BD81DC83498008E1BAD /* Datasource.swift in Sources */,
				43F8F3DA1DC689E8001D80A7 /* UICollectionViewController+Background.swift in Sources */,
				4330BF511DBCA715004911A8 /* Backup.swift in Sources */,
				43FCE4571DB13D9D00130EB1 /* MasterViewController.swift in Sources */,
				438696611DC4447100C49F06 /* LoginViewController.swift in Sources */,
				4386965C1DC1260200C49F06 /* BackupProgressViewController.swift in Sources */,
				4386965A1DC0EABE00C49F06 /* BackupPopupViewController.swift in Sources */,
				43FCE4771DB147DC00130EB1 /* DatabaseTableViewCell.swift in Sources */,
				430341E21DB9C2D300688800 /* Date.swift in Sources */,
				43FCE47C1DB1DA8700130EB1 /* DbSummaryViewController.swift in Sources */,
				43FE2BDB1DC84702008E1BAD /* DatasourceCollectionViewCell.swift in Sources */,
				43FE2BDD1DC8E1FE008E1BAD /* DatasourceBackupCollectionViewCell.swift in Sources */,
				430483901DC056E700FB9100 /* UIViewExtensions.swift in Sources */,
				43FCE4791DB1695200130EB1 /* Database.swift in Sources */,
				436B23041DCBCEFE001F7ADC /* StepTableViewCell.swift in Sources */,
				4303420F1DBC40A400688800 /* BackupCollectionViewCell.swift in Sources */,
				436B23081DCBD039001F7ADC /* TreeViewData.swift in Sources */,
				4302BC521DB85EF000994DF7 /* DatabaseModel.swift in Sources */,
				436B230E1DCC2A61001F7ADC /* LogsViewViewController.swift in Sources */,
				43FCE4551DB13D9D00130EB1 /* AppDelegate.swift in Sources */,
				43F8F3DD1DC68A01001D80A7 /* CommonUtil.swift in Sources */,
				430341E71DBB1FB900688800 /* BackupCollectionViewController.swift in Sources */,
				43B92E471DC574B600659764 /* UIViewController+Background.swift in Sources */,
			);
			runOnlyForDeploymentPostprocessing = 0;
		};
		43FCE4631DB13D9D00130EB1 /* Sources */ = {
			isa = PBXSourcesBuildPhase;
			buildActionMask = 2147483647;
			files = (
				4302BC531DB85EF000994DF7 /* DatabaseModel.swift in Sources */,
				430483911DC056E700FB9100 /* UIViewExtensions.swift in Sources */,
				43F8F3DE1DC68A01001D80A7 /* CommonUtil.swift in Sources */,
				43FE2BD91DC83498008E1BAD /* Datasource.swift in Sources */,
				43F8F3DB1DC689E8001D80A7 /* UICollectionViewController+Background.swift in Sources */,
				43B92E481DC574B600659764 /* UIViewController+Background.swift in Sources */,
				43FCE47A1DB1695200130EB1 /* Database.swift in Sources */,
				43FCE46C1DB13D9D00130EB1 /* DataMgmtServiceTests.swift in Sources */,
				4304838D1DBF7F1800FB9100 /* OperationStep.swift in Sources */,
			);
			runOnlyForDeploymentPostprocessing = 0;
		};
/* End PBXSourcesBuildPhase section */

/* Begin PBXTargetDependency section */
		43FCE4691DB13D9D00130EB1 /* PBXTargetDependency */ = {
			isa = PBXTargetDependency;
			target = 43FCE4501DB13D9D00130EB1 /* DataMgmtService */;
			targetProxy = 43FCE4681DB13D9D00130EB1 /* PBXContainerItemProxy */;
		};
/* End PBXTargetDependency section */

/* Begin PBXVariantGroup section */
		43FCE45A1DB13D9D00130EB1 /* Main.storyboard */ = {
			isa = PBXVariantGroup;
			children = (
				43FCE45B1DB13D9D00130EB1 /* Base */,
			);
			name = Main.storyboard;
			sourceTree = "<group>";
		};
		43FCE45F1DB13D9D00130EB1 /* LaunchScreen.storyboard */ = {
			isa = PBXVariantGroup;
			children = (
				43FCE4601DB13D9D00130EB1 /* Base */,
			);
			name = LaunchScreen.storyboard;
			sourceTree = "<group>";
		};
/* End PBXVariantGroup section */

/* Begin XCBuildConfiguration section */
		43FCE46E1DB13D9D00130EB1 /* Debug */ = {
			isa = XCBuildConfiguration;
			buildSettings = {
				ALWAYS_SEARCH_USER_PATHS = NO;
				CLANG_ANALYZER_NONNULL = YES;
				CLANG_CXX_LANGUAGE_STANDARD = "gnu++0x";
				CLANG_CXX_LIBRARY = "libc++";
				CLANG_ENABLE_MODULES = YES;
				CLANG_ENABLE_OBJC_ARC = YES;
				CLANG_WARN_BOOL_CONVERSION = YES;
				CLANG_WARN_CONSTANT_CONVERSION = YES;
				CLANG_WARN_DIRECT_OBJC_ISA_USAGE = YES_ERROR;
				CLANG_WARN_DOCUMENTATION_COMMENTS = YES;
				CLANG_WARN_EMPTY_BODY = YES;
				CLANG_WARN_ENUM_CONVERSION = YES;
				CLANG_WARN_INFINITE_RECURSION = YES;
				CLANG_WARN_INT_CONVERSION = YES;
				CLANG_WARN_OBJC_ROOT_CLASS = YES_ERROR;
				CLANG_WARN_SUSPICIOUS_MOVES = YES;
				CLANG_WARN_UNREACHABLE_CODE = YES;
				CLANG_WARN__DUPLICATE_METHOD_MATCH = YES;
				"CODE_SIGN_IDENTITY[sdk=iphoneos*]" = "iPhone Developer";
				COPY_PHASE_STRIP = NO;
				DEBUG_INFORMATION_FORMAT = dwarf;
				ENABLE_STRICT_OBJC_MSGSEND = YES;
				ENABLE_TESTABILITY = YES;
				GCC_C_LANGUAGE_STANDARD = gnu99;
				GCC_DYNAMIC_NO_PIC = NO;
				GCC_NO_COMMON_BLOCKS = YES;
				GCC_OPTIMIZATION_LEVEL = 0;
				GCC_PREPROCESSOR_DEFINITIONS = (
					"DEBUG=1",
					"$(inherited)",
				);
				GCC_WARN_64_TO_32_BIT_CONVERSION = YES;
				GCC_WARN_ABOUT_RETURN_TYPE = YES_ERROR;
				GCC_WARN_UNDECLARED_SELECTOR = YES;
				GCC_WARN_UNINITIALIZED_AUTOS = YES_AGGRESSIVE;
				GCC_WARN_UNUSED_FUNCTION = YES;
				GCC_WARN_UNUSED_VARIABLE = YES;
				IPHONEOS_DEPLOYMENT_TARGET = 10.0;
				MTL_ENABLE_DEBUG_INFO = YES;
				ONLY_ACTIVE_ARCH = YES;
				SDKROOT = iphoneos;
				SWIFT_ACTIVE_COMPILATION_CONDITIONS = DEBUG;
				SWIFT_OPTIMIZATION_LEVEL = "-Onone";
				TARGETED_DEVICE_FAMILY = "1,2";
			};
			name = Debug;
		};
		43FCE46F1DB13D9D00130EB1 /* Release */ = {
			isa = XCBuildConfiguration;
			buildSettings = {
				ALWAYS_SEARCH_USER_PATHS = NO;
				CLANG_ANALYZER_NONNULL = YES;
				CLANG_CXX_LANGUAGE_STANDARD = "gnu++0x";
				CLANG_CXX_LIBRARY = "libc++";
				CLANG_ENABLE_MODULES = YES;
				CLANG_ENABLE_OBJC_ARC = YES;
				CLANG_WARN_BOOL_CONVERSION = YES;
				CLANG_WARN_CONSTANT_CONVERSION = YES;
				CLANG_WARN_DIRECT_OBJC_ISA_USAGE = YES_ERROR;
				CLANG_WARN_DOCUMENTATION_COMMENTS = YES;
				CLANG_WARN_EMPTY_BODY = YES;
				CLANG_WARN_ENUM_CONVERSION = YES;
				CLANG_WARN_INFINITE_RECURSION = YES;
				CLANG_WARN_INT_CONVERSION = YES;
				CLANG_WARN_OBJC_ROOT_CLASS = YES_ERROR;
				CLANG_WARN_SUSPICIOUS_MOVES = YES;
				CLANG_WARN_UNREACHABLE_CODE = YES;
				CLANG_WARN__DUPLICATE_METHOD_MATCH = YES;
				"CODE_SIGN_IDENTITY[sdk=iphoneos*]" = "iPhone Developer";
				COPY_PHASE_STRIP = NO;
				DEBUG_INFORMATION_FORMAT = "dwarf-with-dsym";
				ENABLE_NS_ASSERTIONS = NO;
				ENABLE_STRICT_OBJC_MSGSEND = YES;
				GCC_C_LANGUAGE_STANDARD = gnu99;
				GCC_NO_COMMON_BLOCKS = YES;
				GCC_WARN_64_TO_32_BIT_CONVERSION = YES;
				GCC_WARN_ABOUT_RETURN_TYPE = YES_ERROR;
				GCC_WARN_UNDECLARED_SELECTOR = YES;
				GCC_WARN_UNINITIALIZED_AUTOS = YES_AGGRESSIVE;
				GCC_WARN_UNUSED_FUNCTION = YES;
				GCC_WARN_UNUSED_VARIABLE = YES;
				IPHONEOS_DEPLOYMENT_TARGET = 10.0;
				MTL_ENABLE_DEBUG_INFO = NO;
				SDKROOT = iphoneos;
				SWIFT_OPTIMIZATION_LEVEL = "-Owholemodule";
				TARGETED_DEVICE_FAMILY = "1,2";
				VALIDATE_PRODUCT = YES;
			};
			name = Release;
		};
		43FCE4711DB13D9D00130EB1 /* Debug */ = {
			isa = XCBuildConfiguration;
			buildSettings = {
				ASSETCATALOG_COMPILER_APPICON_NAME = AppIcon;
				INFOPLIST_FILE = DataMgmtService/Info.plist;
				LD_RUNPATH_SEARCH_PATHS = "$(inherited) @executable_path/Frameworks";
				PRODUCT_BUNDLE_IDENTIFIER = com.nftx.DataMgmtService;
				PRODUCT_NAME = "$(TARGET_NAME)";
				SWIFT_VERSION = 3.0;
			};
			name = Debug;
		};
		43FCE4721DB13D9D00130EB1 /* Release */ = {
			isa = XCBuildConfiguration;
			buildSettings = {
				ASSETCATALOG_COMPILER_APPICON_NAME = AppIcon;
				INFOPLIST_FILE = DataMgmtService/Info.plist;
				LD_RUNPATH_SEARCH_PATHS = "$(inherited) @executable_path/Frameworks";
				PRODUCT_BUNDLE_IDENTIFIER = com.nftx.DataMgmtService;
				PRODUCT_NAME = "$(TARGET_NAME)";
				SWIFT_VERSION = 3.0;
			};
			name = Release;
		};
		43FCE4741DB13D9D00130EB1 /* Debug */ = {
			isa = XCBuildConfiguration;
			buildSettings = {
				ALWAYS_EMBED_SWIFT_STANDARD_LIBRARIES = YES;
				BUNDLE_LOADER = "$(TEST_HOST)";
				INFOPLIST_FILE = DataMgmtServiceTests/Info.plist;
				LD_RUNPATH_SEARCH_PATHS = "$(inherited) @executable_path/Frameworks @loader_path/Frameworks";
				PRODUCT_BUNDLE_IDENTIFIER = com.nftx.DataMgmtServiceTests;
				PRODUCT_NAME = "$(TARGET_NAME)";
				SWIFT_VERSION = 3.0;
				TEST_HOST = "$(BUILT_PRODUCTS_DIR)/DataMgmtService.app/DataMgmtService";
			};
			name = Debug;
		};
		43FCE4751DB13D9D00130EB1 /* Release */ = {
			isa = XCBuildConfiguration;
			buildSettings = {
				ALWAYS_EMBED_SWIFT_STANDARD_LIBRARIES = YES;
				BUNDLE_LOADER = "$(TEST_HOST)";
				INFOPLIST_FILE = DataMgmtServiceTests/Info.plist;
				LD_RUNPATH_SEARCH_PATHS = "$(inherited) @executable_path/Frameworks @loader_path/Frameworks";
				PRODUCT_BUNDLE_IDENTIFIER = com.nftx.DataMgmtServiceTests;
				PRODUCT_NAME = "$(TARGET_NAME)";
				SWIFT_VERSION = 3.0;
				TEST_HOST = "$(BUILT_PRODUCTS_DIR)/DataMgmtService.app/DataMgmtService";
			};
			name = Release;
		};
/* End XCBuildConfiguration section */

/* Begin XCConfigurationList section */
		43FCE44C1DB13D9D00130EB1 /* Build configuration list for PBXProject "DataMgmtService" */ = {
			isa = XCConfigurationList;
			buildConfigurations = (
				43FCE46E1DB13D9D00130EB1 /* Debug */,
				43FCE46F1DB13D9D00130EB1 /* Release */,
			);
			defaultConfigurationIsVisible = 0;
			defaultConfigurationName = Release;
		};
		43FCE4701DB13D9D00130EB1 /* Build configuration list for PBXNativeTarget "DataMgmtService" */ = {
			isa = XCConfigurationList;
			buildConfigurations = (
				43FCE4711DB13D9D00130EB1 /* Debug */,
				43FCE4721DB13D9D00130EB1 /* Release */,
			);
			defaultConfigurationIsVisible = 0;
			defaultConfigurationName = Release;
		};
		43FCE4731DB13D9D00130EB1 /* Build configuration list for PBXNativeTarget "DataMgmtServiceTests" */ = {
			isa = XCConfigurationList;
			buildConfigurations = (
				43FCE4741DB13D9D00130EB1 /* Debug */,
				43FCE4751DB13D9D00130EB1 /* Release */,
			);
			defaultConfigurationIsVisible = 0;
			defaultConfigurationName = Release;
		};
/* End XCConfigurationList section */
	};
	rootObject = 43FCE4491DB13D9D00130EB1 /* Project object */;
}
